
Microsoft Visual Studio Solution File, Format Version 12.00
# Visual Studio 2012
Project("{FAE04EC0-301F-11D3-BF4B-00C04F79EFBC}") = "HydroData.Data", "HydroData.Data\HydroData.Data.csproj", "{BA6012D8-623D-4274-88AC-249D57FE7840}"
EndProject
Project("{2150E333-8FDC-42A3-9474-1A3956D46DE8}") = ".nuget", ".nuget", "{7D2C331B-CFE6-4239-B552-02DEE0CA5266}"
	ProjectSection(SolutionItems) = preProject
		.nuget\NuGet.Config = .nuget\NuGet.Config
		.nuget\NuGet.exe = .nuget\NuGet.exe
		.nuget\NuGet.targets = .nuget\NuGet.targets
	EndProjectSection
EndProject
Project("{FAE04EC0-301F-11D3-BF4B-00C04F79EFBC}") = "HydroData.web", "HydroData.admin\HydroData.web.csproj", "{853FA164-B7A6-4262-98C5-DC6E35F06EC3}"
EndProject
Global
	GlobalSection(SolutionConfigurationPlatforms) = preSolution
		Debug|Any CPU = Debug|Any CPU
		Release|Any CPU = Release|Any CPU
	EndGlobalSection
	GlobalSection(ProjectConfigurationPlatforms) = postSolution
		{BA6012D8-623D-4274-88AC-249D57FE7840}.Debug|Any CPU.ActiveCfg = Debug|Any CPU
		{BA6012D8-623D-4274-88AC-249D57FE7840}.Debug|Any CPU.Build.0 = Debug|Any CPU
		{BA6012D8-623D-4274-88AC-249D57FE7840}.Release|Any CPU.ActiveCfg = Release|Any CPU
		{BA6012D8-623D-4274-88AC-249D57FE7840}.Release|Any CPU.Build.0 = Release|Any CPU
		{853FA164-B7A6-4262-98C5-DC6E35F06EC3}.Debug|Any CPU.ActiveCfg = Debug|Any CPU
		{853FA164-B7A6-4262-98C5-DC6E35F06EC3}.Debug|Any CPU.Build.0 = Debug|Any CPU
		{853FA164-B7A6-4262-98C5-DC6E35F06EC3}.Release|Any CPU.ActiveCfg = Release|Any CPU
		{853FA164-B7A6-4262-98C5-DC6E35F06EC3}.Release|Any CPU.Build.0 = Release|Any CPU
	EndGlobalSection
	GlobalSection(SolutionProperties) = preSolution
		HideSolutionNode = FALSE
	EndGlobalSection
EndGlobal
